
Microsoft Visual Studio Solution File, Format Version 12.00
# Visual Studio 15
VisualStudioVersion = 15.0.27130.2010
MinimumVisualStudioVersion = 10.0.40219.1
Project("{FAE04EC0-301F-11D3-BF4B-00C04F79EFBC}") = "Builder", "Builder\Builder.csproj", "{05D0DAAC-7427-40DF-BBFF-2C4484EF82F3}"
EndProject
Project("{FAE04EC0-301F-11D3-BF4B-00C04F79EFBC}") = "VmBuilder", "VmBuilder\VmBuilder.csproj", "{79447BD9-8980-4C8B-97A3-D41D9E82B002}"
EndProject
Global
	GlobalSection(SolutionConfigurationPlatforms) = preSolution
		Debug|Any CPU = Debug|Any CPU
		Release|Any CPU = Release|Any CPU
	EndGlobalSection
	GlobalSection(ProjectConfigurationPlatforms) = postSolution
		{05D0DAAC-7427-40DF-BBFF-2C4484EF82F3}.Debug|Any CPU.ActiveCfg = Debug|Any CPU
		{05D0DAAC-7427-40DF-BBFF-2C4484EF82F3}.Debug|Any CPU.Build.0 = Debug|Any CPU
		{05D0DAAC-7427-40DF-BBFF-2C4484EF82F3}.Release|Any CPU.ActiveCfg = Release|Any CPU
		{05D0DAAC-7427-40DF-BBFF-2C4484EF82F3}.Release|Any CPU.Build.0 = Release|Any CPU
		{79447BD9-8980-4C8B-97A3-D41D9E82B002}.Debug|Any CPU.ActiveCfg = Debug|Any CPU
		{79447BD9-8980-4C8B-97A3-D41D9E82B002}.Debug|Any CPU.Build.0 = Debug|Any CPU
		{79447BD9-8980-4C8B-97A3-D41D9E82B002}.Release|Any CPU.ActiveCfg = Release|Any CPU
		{79447BD9-8980-4C8B-97A3-D41D9E82B002}.Release|Any CPU.Build.0 = Release|Any CPU
	EndGlobalSection
	GlobalSection(SolutionProperties) = preSolution
		HideSolutionNode = FALSE
	EndGlobalSection
	GlobalSection(ExtensibilityGlobals) = postSolution
		SolutionGuid = {59C59991-43C0-42D3-83EA-0D13C6D8F37B}
	EndGlobalSection
EndGlobal
