
Microsoft Visual Studio Solution File, Format Version 12.00
# Visual Studio 15
VisualStudioVersion = 15.0.27130.2010
MinimumVisualStudioVersion = 10.0.40219.1
Project("{FAE04EC0-301F-11D3-BF4B-00C04F79EFBC}") = "Composite", "Composite\Composite.csproj", "{A2A579E4-BB47-43DA-9C30-4116F06C5516}"
EndProject
Global
	GlobalSection(SolutionConfigurationPlatforms) = preSolution
		Debug|Any CPU = Debug|Any CPU
		Release|Any CPU = Release|Any CPU
	EndGlobalSection
	GlobalSection(ProjectConfigurationPlatforms) = postSolution
		{A2A579E4-BB47-43DA-9C30-4116F06C5516}.Debug|Any CPU.ActiveCfg = Debug|Any CPU
		{A2A579E4-BB47-43DA-9C30-4116F06C5516}.Debug|Any CPU.Build.0 = Debug|Any CPU
		{A2A579E4-BB47-43DA-9C30-4116F06C5516}.Release|Any CPU.ActiveCfg = Release|Any CPU
		{A2A579E4-BB47-43DA-9C30-4116F06C5516}.Release|Any CPU.Build.0 = Release|Any CPU
	EndGlobalSection
	GlobalSection(SolutionProperties) = preSolution
		HideSolutionNode = FALSE
	EndGlobalSection
	GlobalSection(ExtensibilityGlobals) = postSolution
		SolutionGuid = {B6FE582B-0DBA-4D4E-9932-56881E37F310}
	EndGlobalSection
EndGlobal
